
Microsoft Visual Studio Solution File, Format Version 12.00
# Visual Studio Version 16
VisualStudioVersion = 16.0.31005.135
MinimumVisualStudioVersion = 10.0.40219.1
Project("{FAE04EC0-301F-11D3-BF4B-00C04F79EFBC}") = "hangifre.practice", "hangifre.practice\hangifre.practice.csproj", "{8AA3CC00-5F4C-462A-B840-7E4430E0FEEF}"
EndProject
Global
	GlobalSection(SolutionConfigurationPlatforms) = preSolution
		Debug|Any CPU = Debug|Any CPU
		Release|Any CPU = Release|Any CPU
	EndGlobalSection
	GlobalSection(ProjectConfigurationPlatforms) = postSolution
		{8AA3CC00-5F4C-462A-B840-7E4430E0FEEF}.Debug|Any CPU.ActiveCfg = Debug|Any CPU
		{8AA3CC00-5F4C-462A-B840-7E4430E0FEEF}.Debug|Any CPU.Build.0 = Debug|Any CPU
		{8AA3CC00-5F4C-462A-B840-7E4430E0FEEF}.Release|Any CPU.ActiveCfg = Release|Any CPU
		{8AA3CC00-5F4C-462A-B840-7E4430E0FEEF}.Release|Any CPU.Build.0 = Release|Any CPU
	EndGlobalSection
	GlobalSection(SolutionProperties) = preSolution
		HideSolutionNode = FALSE
	EndGlobalSection
	GlobalSection(ExtensibilityGlobals) = postSolution
		SolutionGuid = {9D1B7469-544B-4B1B-9F81-E0614212B90F}
	EndGlobalSection
EndGlobal
